{
  "name": "rollup-plugin-tagged-template-postcss",
  "version": "0.1.0",
  "lockfileVersion": 1,
  "requires": true,
  "dependencies": {
    "@babel/runtime": {
      "version": "7.12.18",
      "resolved": "https://registry.npmjs.org/@babel/runtime/-/runtime-7.12.18.tgz",
      "integrity": "sha512-BogPQ7ciE6SYAUPtlm9tWbgI9+2AgqSam6QivMgXgAT+fKbgppaj4ZX15MHeLC1PVF5sNk70huBu20XxWOs8Cg==",
      "requires": {
        "regenerator-runtime": "^0.13.4"
      }
    },
    "@rollup/pluginutils": {
      "version": "4.1.0",
      "resolved": "https://registry.npmjs.org/@rollup/pluginutils/-/pluginutils-4.1.0.tgz",
      "integrity": "sha512-TrBhfJkFxA+ER+ew2U2/fHbebhLT/l/2pRk0hfj9KusXUuRXd2v0R58AfaZK9VXDQ4TogOSEmICVrQAA3zFnHQ==",
      "requires": {
        "estree-walker": "^2.0.1",
        "picomatch": "^2.2.2"
      }
    },
    "acorn-walk": {
      "version": "8.0.2",
      "resolved": "https://registry.npmjs.org/acorn-walk/-/acorn-walk-8.0.2.tgz",
      "integrity": "sha512-+bpA9MJsHdZ4bgfDcpk0ozQyhhVct7rzOmO0s1IIr0AGGgKBljss8n2zp11rRP2wid5VGeh04CgeKzgat5/25A=="
    },
    "estree-walker": {
      "version": "2.0.2",
      "resolved": "https://registry.npmjs.org/estree-walker/-/estree-walker-2.0.2.tgz",
      "integrity": "sha512-Rfkk/Mp/DL7JVje3u18FxFujQlTNR2q6QfMSMB7AvCBx91NGj/ba3kCfza0f6dVDbw7YlRf/nDrn7pQrCCyQ/w=="
    },
    "fsevents": {
      "version": "2.3.2",
      "resolved": "https://registry.npmjs.org/fsevents/-/fsevents-2.3.2.tgz",
      "integrity": "sha512-xiqMQR4xAeHTuB9uWm+fFRcIOgKBMiOBP+eXiyT7jsgVCq1bkVygt00oASowB7EdtpOHaaPgKt812P9ab+DDKA==",
      "dev": true,
      "optional": true
    },
    "picomatch": {
      "version": "2.2.2",
      "resolved": "https://registry.npmjs.org/picomatch/-/picomatch-2.2.2.tgz",
      "integrity": "sha512-q0M/9eZHzmr0AulXyPwNfZjtwZ/RBZlbN3K3CErVrk50T2ASYI7Bye0EvekFY3IP1Nt2DHu0re+V2ZHIpMkuWg=="
    },
    "ranges-apply": {
      "version": "5.0.5",
      "resolved": "https://registry.npmjs.org/ranges-apply/-/ranges-apply-5.0.5.tgz",
      "integrity": "sha512-apSrBvW3FKq0FUksuZumhR5wtLx8K4BqXELzhBVqvmz3dfiBoAsZI57UPhqi0fgBeM2WlY61hMcqgzEPzC75Xg==",
      "requires": {
        "@babel/runtime": "^7.12.13",
        "ranges-merge": "^7.0.5"
      }
    },
    "ranges-merge": {
      "version": "7.0.5",
      "resolved": "https://registry.npmjs.org/ranges-merge/-/ranges-merge-7.0.5.tgz",
      "integrity": "sha512-GtI4GsBx8PHCjq5+2DpfgmKW3zvGgBnwvmL8Pcs8q9udYXU/0O5Fi1mUo7UbHr62KCLX0Aw360cBbbKAYuQI3Q==",
      "requires": {
        "@babel/runtime": "^7.12.13",
        "ranges-push": "^5.0.5",
        "ranges-sort": "^4.0.5"
      }
    },
    "ranges-push": {
      "version": "5.0.5",
      "resolved": "https://registry.npmjs.org/ranges-push/-/ranges-push-5.0.5.tgz",
      "integrity": "sha512-h46K33Lc+d6kY4GoOLTam1RO53DKJQR/iAAmy3zkTc8RhXBc2uiTmdJzp07nnhq8oX2roPQphsS4kFjM7i+hpQ==",
      "requires": {
        "@babel/runtime": "^7.12.13",
        "ranges-merge": "^7.0.5",
        "string-collapse-leading-whitespace": "^5.0.5",
        "string-trim-spaces-only": "^3.0.5"
      }
    },
    "ranges-sort": {
      "version": "4.0.5",
      "resolved": "https://registry.npmjs.org/ranges-sort/-/ranges-sort-4.0.5.tgz",
      "integrity": "sha512-j90F9gbtbdqEUKbQs6u3JZ+BS86RhWIfSvrbikhnXyA0uefq4yBSz/wpNt8Vqk0Tn8XBgnuKdPtu2r4sKjHfDw==",
      "requires": {
        "@babel/runtime": "^7.12.13"
      }
    },
    "regenerator-runtime": {
      "version": "0.13.7",
      "resolved": "https://registry.npmjs.org/regenerator-runtime/-/regenerator-runtime-0.13.7.tgz",
      "integrity": "sha512-a54FxoJDIr27pgf7IgeQGxmqUNYrcV338lf/6gH456HZ/PhX+5BcwHXG9ajESmwe6WRO0tAzRUrRmNONWgkrew=="
    },
    "rollup": {
      "version": "2.39.0",
      "resolved": "https://registry.npmjs.org/rollup/-/rollup-2.39.0.tgz",
      "integrity": "sha512-+WR3bttcq7zE+BntH09UxaW3bQo3vItuYeLsyk4dL2tuwbeSKJuvwiawyhEnvRdRgrII0Uzk00FpctHO/zB1kw==",
      "dev": true,
      "requires": {
        "fsevents": "~2.3.1"
      }
    },
    "string-collapse-leading-whitespace": {
      "version": "5.0.5",
      "resolved": "https://registry.npmjs.org/string-collapse-leading-whitespace/-/string-collapse-leading-whitespace-5.0.5.tgz",
      "integrity": "sha512-cQFJ49yNihmsCTrPh2MpVLqbW4dBiCfZN/WZlfhaFv6bFSOxaD4/GZKZTseM1cqt1xPuemlUjfstC+J+FkCloA==",
      "requires": {
        "@babel/runtime": "^7.12.13"
      }
    },
    "string-trim-spaces-only": {
      "version": "3.0.5",
      "resolved": "https://registry.npmjs.org/string-trim-spaces-only/-/string-trim-spaces-only-3.0.5.tgz",
      "integrity": "sha512-Kb7dHu6eiPq5mh6lzVsCEOFFGbd0Qo4tI6pJQxvWnl0rbwKCRxfT3i+q4Q6XXaqHAJ7kmBBkSaW15MgzH8fMxg==",
      "requires": {
        "@babel/runtime": "^7.12.13"
      }
    }
  }
}
